
Microsoft Visual Studio Solution File, Format Version 12.00
# Visual Studio 15
VisualStudioVersion = 15.0.28307.1209
MinimumVisualStudioVersion = 10.0.40219.1
Project("{8BC9CEB8-8B4A-11D0-8D11-00A0C91BC942}") = "P738", "P738\P738.vcxproj", "{E39B98FC-A7E4-4F7A-9F2E-EC66440DBDB2}"
EndProject
Global
	GlobalSection(SolutionConfigurationPlatforms) = preSolution
		Debug|x64 = Debug|x64
		Debug|x86 = Debug|x86
		Release|x64 = Release|x64
		Release|x86 = Release|x86
	EndGlobalSection
	GlobalSection(ProjectConfigurationPlatforms) = postSolution
		{E39B98FC-A7E4-4F7A-9F2E-EC66440DBDB2}.Debug|x64.ActiveCfg = Debug|x64
		{E39B98FC-A7E4-4F7A-9F2E-EC66440DBDB2}.Debug|x64.Build.0 = Debug|x64
		{E39B98FC-A7E4-4F7A-9F2E-EC66440DBDB2}.Debug|x86.ActiveCfg = Debug|Win32
		{E39B98FC-A7E4-4F7A-9F2E-EC66440DBDB2}.Debug|x86.Build.0 = Debug|Win32
		{E39B98FC-A7E4-4F7A-9F2E-EC66440DBDB2}.Release|x64.ActiveCfg = Release|x64
		{E39B98FC-A7E4-4F7A-9F2E-EC66440DBDB2}.Release|x64.Build.0 = Release|x64
		{E39B98FC-A7E4-4F7A-9F2E-EC66440DBDB2}.Release|x86.ActiveCfg = Release|Win32
		{E39B98FC-A7E4-4F7A-9F2E-EC66440DBDB2}.Release|x86.Build.0 = Release|Win32
	EndGlobalSection
	GlobalSection(SolutionProperties) = preSolution
		HideSolutionNode = FALSE
	EndGlobalSection
	GlobalSection(ExtensibilityGlobals) = postSolution
		SolutionGuid = {C4D3FF5E-6203-4F4B-9980-D2A96E17176A}
	EndGlobalSection
EndGlobal
