
Microsoft Visual Studio Solution File, Format Version 12.00
# Visual Studio 15
VisualStudioVersion = 15.0.28307.1209
MinimumVisualStudioVersion = 10.0.40219.1
Project("{8BC9CEB8-8B4A-11D0-8D11-00A0C91BC942}") = "P1838", "P1838\P1838.vcxproj", "{404C74E7-1C1E-480E-B443-69D5AB14BAC7}"
EndProject
Global
	GlobalSection(SolutionConfigurationPlatforms) = preSolution
		Debug|x64 = Debug|x64
		Debug|x86 = Debug|x86
		Release|x64 = Release|x64
		Release|x86 = Release|x86
	EndGlobalSection
	GlobalSection(ProjectConfigurationPlatforms) = postSolution
		{404C74E7-1C1E-480E-B443-69D5AB14BAC7}.Debug|x64.ActiveCfg = Debug|x64
		{404C74E7-1C1E-480E-B443-69D5AB14BAC7}.Debug|x64.Build.0 = Debug|x64
		{404C74E7-1C1E-480E-B443-69D5AB14BAC7}.Debug|x86.ActiveCfg = Debug|Win32
		{404C74E7-1C1E-480E-B443-69D5AB14BAC7}.Debug|x86.Build.0 = Debug|Win32
		{404C74E7-1C1E-480E-B443-69D5AB14BAC7}.Release|x64.ActiveCfg = Release|x64
		{404C74E7-1C1E-480E-B443-69D5AB14BAC7}.Release|x64.Build.0 = Release|x64
		{404C74E7-1C1E-480E-B443-69D5AB14BAC7}.Release|x86.ActiveCfg = Release|Win32
		{404C74E7-1C1E-480E-B443-69D5AB14BAC7}.Release|x86.Build.0 = Release|Win32
	EndGlobalSection
	GlobalSection(SolutionProperties) = preSolution
		HideSolutionNode = FALSE
	EndGlobalSection
	GlobalSection(ExtensibilityGlobals) = postSolution
		SolutionGuid = {A7073ACF-D4DA-4BA8-AFC9-B99E35B76ACF}
	EndGlobalSection
EndGlobal
