
Microsoft Visual Studio Solution File, Format Version 12.00
# Visual Studio 15
VisualStudioVersion = 15.0.28307.1209
MinimumVisualStudioVersion = 10.0.40219.1
Project("{8BC9CEB8-8B4A-11D0-8D11-00A0C91BC942}") = "P476", "P476\P476.vcxproj", "{114C5B12-4928-471D-A174-F28C6B651D8A}"
EndProject
Global
	GlobalSection(SolutionConfigurationPlatforms) = preSolution
		Debug|x64 = Debug|x64
		Debug|x86 = Debug|x86
		Release|x64 = Release|x64
		Release|x86 = Release|x86
	EndGlobalSection
	GlobalSection(ProjectConfigurationPlatforms) = postSolution
		{114C5B12-4928-471D-A174-F28C6B651D8A}.Debug|x64.ActiveCfg = Debug|x64
		{114C5B12-4928-471D-A174-F28C6B651D8A}.Debug|x64.Build.0 = Debug|x64
		{114C5B12-4928-471D-A174-F28C6B651D8A}.Debug|x86.ActiveCfg = Debug|Win32
		{114C5B12-4928-471D-A174-F28C6B651D8A}.Debug|x86.Build.0 = Debug|Win32
		{114C5B12-4928-471D-A174-F28C6B651D8A}.Release|x64.ActiveCfg = Release|x64
		{114C5B12-4928-471D-A174-F28C6B651D8A}.Release|x64.Build.0 = Release|x64
		{114C5B12-4928-471D-A174-F28C6B651D8A}.Release|x86.ActiveCfg = Release|Win32
		{114C5B12-4928-471D-A174-F28C6B651D8A}.Release|x86.Build.0 = Release|Win32
	EndGlobalSection
	GlobalSection(SolutionProperties) = preSolution
		HideSolutionNode = FALSE
	EndGlobalSection
	GlobalSection(ExtensibilityGlobals) = postSolution
		SolutionGuid = {2574B36C-2B08-49A9-9AFD-C9859B54BDEC}
	EndGlobalSection
EndGlobal
