
Microsoft Visual Studio Solution File, Format Version 12.00
# Visual Studio 15
VisualStudioVersion = 15.0.28307.1209
MinimumVisualStudioVersion = 10.0.40219.1
Project("{8BC9CEB8-8B4A-11D0-8D11-00A0C91BC942}") = "P103", "P103\P103.vcxproj", "{934C05AA-52B5-40CB-BB53-E28BC57EC70A}"
EndProject
Global
	GlobalSection(SolutionConfigurationPlatforms) = preSolution
		Debug|x64 = Debug|x64
		Debug|x86 = Debug|x86
		Release|x64 = Release|x64
		Release|x86 = Release|x86
	EndGlobalSection
	GlobalSection(ProjectConfigurationPlatforms) = postSolution
		{934C05AA-52B5-40CB-BB53-E28BC57EC70A}.Debug|x64.ActiveCfg = Debug|x64
		{934C05AA-52B5-40CB-BB53-E28BC57EC70A}.Debug|x64.Build.0 = Debug|x64
		{934C05AA-52B5-40CB-BB53-E28BC57EC70A}.Debug|x86.ActiveCfg = Debug|Win32
		{934C05AA-52B5-40CB-BB53-E28BC57EC70A}.Debug|x86.Build.0 = Debug|Win32
		{934C05AA-52B5-40CB-BB53-E28BC57EC70A}.Release|x64.ActiveCfg = Release|x64
		{934C05AA-52B5-40CB-BB53-E28BC57EC70A}.Release|x64.Build.0 = Release|x64
		{934C05AA-52B5-40CB-BB53-E28BC57EC70A}.Release|x86.ActiveCfg = Release|Win32
		{934C05AA-52B5-40CB-BB53-E28BC57EC70A}.Release|x86.Build.0 = Release|Win32
	EndGlobalSection
	GlobalSection(SolutionProperties) = preSolution
		HideSolutionNode = FALSE
	EndGlobalSection
	GlobalSection(ExtensibilityGlobals) = postSolution
		SolutionGuid = {B7EDEF3E-B0EC-427A-BF8B-1E33CC7B5F10}
	EndGlobalSection
EndGlobal
