
Microsoft Visual Studio Solution File, Format Version 12.00
# Visual Studio 15
VisualStudioVersion = 15.0.28307.1209
MinimumVisualStudioVersion = 10.0.40219.1
Project("{8BC9CEB8-8B4A-11D0-8D11-00A0C91BC942}") = "P581", "P581\P581.vcxproj", "{DAB6F21C-38C7-4DCC-91B3-10B3A8B500B3}"
EndProject
Global
	GlobalSection(SolutionConfigurationPlatforms) = preSolution
		Debug|x64 = Debug|x64
		Debug|x86 = Debug|x86
		Release|x64 = Release|x64
		Release|x86 = Release|x86
	EndGlobalSection
	GlobalSection(ProjectConfigurationPlatforms) = postSolution
		{DAB6F21C-38C7-4DCC-91B3-10B3A8B500B3}.Debug|x64.ActiveCfg = Debug|x64
		{DAB6F21C-38C7-4DCC-91B3-10B3A8B500B3}.Debug|x64.Build.0 = Debug|x64
		{DAB6F21C-38C7-4DCC-91B3-10B3A8B500B3}.Debug|x86.ActiveCfg = Debug|Win32
		{DAB6F21C-38C7-4DCC-91B3-10B3A8B500B3}.Debug|x86.Build.0 = Debug|Win32
		{DAB6F21C-38C7-4DCC-91B3-10B3A8B500B3}.Release|x64.ActiveCfg = Release|x64
		{DAB6F21C-38C7-4DCC-91B3-10B3A8B500B3}.Release|x64.Build.0 = Release|x64
		{DAB6F21C-38C7-4DCC-91B3-10B3A8B500B3}.Release|x86.ActiveCfg = Release|Win32
		{DAB6F21C-38C7-4DCC-91B3-10B3A8B500B3}.Release|x86.Build.0 = Release|Win32
	EndGlobalSection
	GlobalSection(SolutionProperties) = preSolution
		HideSolutionNode = FALSE
	EndGlobalSection
	GlobalSection(ExtensibilityGlobals) = postSolution
		SolutionGuid = {E01C99FE-60A0-4AA9-AA82-7CCD930FF2DE}
	EndGlobalSection
EndGlobal
