
Microsoft Visual Studio Solution File, Format Version 12.00
# Visual Studio 15
VisualStudioVersion = 15.0.28307.1209
MinimumVisualStudioVersion = 10.0.40219.1
Project("{8BC9CEB8-8B4A-11D0-8D11-00A0C91BC942}") = "P343", "P343\P343.vcxproj", "{EECA2CAD-41E6-4164-A0E0-6CA14040DA5D}"
EndProject
Global
	GlobalSection(SolutionConfigurationPlatforms) = preSolution
		Debug|x64 = Debug|x64
		Debug|x86 = Debug|x86
		Release|x64 = Release|x64
		Release|x86 = Release|x86
	EndGlobalSection
	GlobalSection(ProjectConfigurationPlatforms) = postSolution
		{EECA2CAD-41E6-4164-A0E0-6CA14040DA5D}.Debug|x64.ActiveCfg = Debug|x64
		{EECA2CAD-41E6-4164-A0E0-6CA14040DA5D}.Debug|x64.Build.0 = Debug|x64
		{EECA2CAD-41E6-4164-A0E0-6CA14040DA5D}.Debug|x86.ActiveCfg = Debug|Win32
		{EECA2CAD-41E6-4164-A0E0-6CA14040DA5D}.Debug|x86.Build.0 = Debug|Win32
		{EECA2CAD-41E6-4164-A0E0-6CA14040DA5D}.Release|x64.ActiveCfg = Release|x64
		{EECA2CAD-41E6-4164-A0E0-6CA14040DA5D}.Release|x64.Build.0 = Release|x64
		{EECA2CAD-41E6-4164-A0E0-6CA14040DA5D}.Release|x86.ActiveCfg = Release|Win32
		{EECA2CAD-41E6-4164-A0E0-6CA14040DA5D}.Release|x86.Build.0 = Release|Win32
	EndGlobalSection
	GlobalSection(SolutionProperties) = preSolution
		HideSolutionNode = FALSE
	EndGlobalSection
	GlobalSection(ExtensibilityGlobals) = postSolution
		SolutionGuid = {CB3A91A0-4D9C-431C-B7FB-978D7BB2AAEF}
	EndGlobalSection
EndGlobal
