
Microsoft Visual Studio Solution File, Format Version 12.00
# Visual Studio 15
VisualStudioVersion = 15.0.28307.1209
MinimumVisualStudioVersion = 10.0.40219.1
Project("{8BC9CEB8-8B4A-11D0-8D11-00A0C91BC942}") = "P1337", "P1337\P1337.vcxproj", "{045CC4DC-2889-4C57-A6DB-CF576AA1F394}"
EndProject
Global
	GlobalSection(SolutionConfigurationPlatforms) = preSolution
		Debug|x64 = Debug|x64
		Debug|x86 = Debug|x86
		Release|x64 = Release|x64
		Release|x86 = Release|x86
	EndGlobalSection
	GlobalSection(ProjectConfigurationPlatforms) = postSolution
		{045CC4DC-2889-4C57-A6DB-CF576AA1F394}.Debug|x64.ActiveCfg = Debug|x64
		{045CC4DC-2889-4C57-A6DB-CF576AA1F394}.Debug|x64.Build.0 = Debug|x64
		{045CC4DC-2889-4C57-A6DB-CF576AA1F394}.Debug|x86.ActiveCfg = Debug|Win32
		{045CC4DC-2889-4C57-A6DB-CF576AA1F394}.Debug|x86.Build.0 = Debug|Win32
		{045CC4DC-2889-4C57-A6DB-CF576AA1F394}.Release|x64.ActiveCfg = Release|x64
		{045CC4DC-2889-4C57-A6DB-CF576AA1F394}.Release|x64.Build.0 = Release|x64
		{045CC4DC-2889-4C57-A6DB-CF576AA1F394}.Release|x86.ActiveCfg = Release|Win32
		{045CC4DC-2889-4C57-A6DB-CF576AA1F394}.Release|x86.Build.0 = Release|Win32
	EndGlobalSection
	GlobalSection(SolutionProperties) = preSolution
		HideSolutionNode = FALSE
	EndGlobalSection
	GlobalSection(ExtensibilityGlobals) = postSolution
		SolutionGuid = {CC0B6A4A-27CF-4C43-9AD6-90580D9F986E}
	EndGlobalSection
EndGlobal
