
Microsoft Visual Studio Solution File, Format Version 12.00
# Visual Studio 15
VisualStudioVersion = 15.0.28307.1209
MinimumVisualStudioVersion = 10.0.40219.1
Project("{8BC9CEB8-8B4A-11D0-8D11-00A0C91BC942}") = "LCP 07", "LCP 07\LCP 07.vcxproj", "{BDAFEAC5-50B9-407D-A5E9-995AC9411AEA}"
EndProject
Global
	GlobalSection(SolutionConfigurationPlatforms) = preSolution
		Debug|x64 = Debug|x64
		Debug|x86 = Debug|x86
		Release|x64 = Release|x64
		Release|x86 = Release|x86
	EndGlobalSection
	GlobalSection(ProjectConfigurationPlatforms) = postSolution
		{BDAFEAC5-50B9-407D-A5E9-995AC9411AEA}.Debug|x64.ActiveCfg = Debug|x64
		{BDAFEAC5-50B9-407D-A5E9-995AC9411AEA}.Debug|x64.Build.0 = Debug|x64
		{BDAFEAC5-50B9-407D-A5E9-995AC9411AEA}.Debug|x86.ActiveCfg = Debug|Win32
		{BDAFEAC5-50B9-407D-A5E9-995AC9411AEA}.Debug|x86.Build.0 = Debug|Win32
		{BDAFEAC5-50B9-407D-A5E9-995AC9411AEA}.Release|x64.ActiveCfg = Release|x64
		{BDAFEAC5-50B9-407D-A5E9-995AC9411AEA}.Release|x64.Build.0 = Release|x64
		{BDAFEAC5-50B9-407D-A5E9-995AC9411AEA}.Release|x86.ActiveCfg = Release|Win32
		{BDAFEAC5-50B9-407D-A5E9-995AC9411AEA}.Release|x86.Build.0 = Release|Win32
	EndGlobalSection
	GlobalSection(SolutionProperties) = preSolution
		HideSolutionNode = FALSE
	EndGlobalSection
	GlobalSection(ExtensibilityGlobals) = postSolution
		SolutionGuid = {45016947-DACD-490A-A0BA-F8E5894CD669}
	EndGlobalSection
EndGlobal
