
Microsoft Visual Studio Solution File, Format Version 12.00
# Visual Studio 15
VisualStudioVersion = 15.0.28307.1209
MinimumVisualStudioVersion = 10.0.40219.1
Project("{8BC9CEB8-8B4A-11D0-8D11-00A0C91BC942}") = "P849", "P849\P849.vcxproj", "{7F85CD32-E112-4328-A447-B8DAEF052C62}"
EndProject
Global
	GlobalSection(SolutionConfigurationPlatforms) = preSolution
		Debug|x64 = Debug|x64
		Debug|x86 = Debug|x86
		Release|x64 = Release|x64
		Release|x86 = Release|x86
	EndGlobalSection
	GlobalSection(ProjectConfigurationPlatforms) = postSolution
		{7F85CD32-E112-4328-A447-B8DAEF052C62}.Debug|x64.ActiveCfg = Debug|x64
		{7F85CD32-E112-4328-A447-B8DAEF052C62}.Debug|x64.Build.0 = Debug|x64
		{7F85CD32-E112-4328-A447-B8DAEF052C62}.Debug|x86.ActiveCfg = Debug|Win32
		{7F85CD32-E112-4328-A447-B8DAEF052C62}.Debug|x86.Build.0 = Debug|Win32
		{7F85CD32-E112-4328-A447-B8DAEF052C62}.Release|x64.ActiveCfg = Release|x64
		{7F85CD32-E112-4328-A447-B8DAEF052C62}.Release|x64.Build.0 = Release|x64
		{7F85CD32-E112-4328-A447-B8DAEF052C62}.Release|x86.ActiveCfg = Release|Win32
		{7F85CD32-E112-4328-A447-B8DAEF052C62}.Release|x86.Build.0 = Release|Win32
	EndGlobalSection
	GlobalSection(SolutionProperties) = preSolution
		HideSolutionNode = FALSE
	EndGlobalSection
	GlobalSection(ExtensibilityGlobals) = postSolution
		SolutionGuid = {1B4851C8-3436-4FF9-A6EC-E9869CC37E80}
	EndGlobalSection
EndGlobal
