
Microsoft Visual Studio Solution File, Format Version 12.00
# Visual Studio 15
VisualStudioVersion = 15.0.28307.1209
MinimumVisualStudioVersion = 10.0.40219.1
Project("{8BC9CEB8-8B4A-11D0-8D11-00A0C91BC942}") = "P495", "P495\P495.vcxproj", "{DC02E8F6-E134-4D28-92FD-9D8CD532A0FB}"
EndProject
Global
	GlobalSection(SolutionConfigurationPlatforms) = preSolution
		Debug|x64 = Debug|x64
		Debug|x86 = Debug|x86
		Release|x64 = Release|x64
		Release|x86 = Release|x86
	EndGlobalSection
	GlobalSection(ProjectConfigurationPlatforms) = postSolution
		{DC02E8F6-E134-4D28-92FD-9D8CD532A0FB}.Debug|x64.ActiveCfg = Debug|x64
		{DC02E8F6-E134-4D28-92FD-9D8CD532A0FB}.Debug|x64.Build.0 = Debug|x64
		{DC02E8F6-E134-4D28-92FD-9D8CD532A0FB}.Debug|x86.ActiveCfg = Debug|Win32
		{DC02E8F6-E134-4D28-92FD-9D8CD532A0FB}.Debug|x86.Build.0 = Debug|Win32
		{DC02E8F6-E134-4D28-92FD-9D8CD532A0FB}.Release|x64.ActiveCfg = Release|x64
		{DC02E8F6-E134-4D28-92FD-9D8CD532A0FB}.Release|x64.Build.0 = Release|x64
		{DC02E8F6-E134-4D28-92FD-9D8CD532A0FB}.Release|x86.ActiveCfg = Release|Win32
		{DC02E8F6-E134-4D28-92FD-9D8CD532A0FB}.Release|x86.Build.0 = Release|Win32
	EndGlobalSection
	GlobalSection(SolutionProperties) = preSolution
		HideSolutionNode = FALSE
	EndGlobalSection
	GlobalSection(ExtensibilityGlobals) = postSolution
		SolutionGuid = {A487FF23-EC9A-4776-9BA5-96D6E8EB3E38}
	EndGlobalSection
EndGlobal
