
Microsoft Visual Studio Solution File, Format Version 12.00
# Visual Studio 15
VisualStudioVersion = 15.0.28307.1209
MinimumVisualStudioVersion = 10.0.40219.1
Project("{8BC9CEB8-8B4A-11D0-8D11-00A0C91BC942}") = "P107", "P107\P107.vcxproj", "{33862E0A-4702-4795-935C-949B886DFF0F}"
EndProject
Global
	GlobalSection(SolutionConfigurationPlatforms) = preSolution
		Debug|x64 = Debug|x64
		Debug|x86 = Debug|x86
		Release|x64 = Release|x64
		Release|x86 = Release|x86
	EndGlobalSection
	GlobalSection(ProjectConfigurationPlatforms) = postSolution
		{33862E0A-4702-4795-935C-949B886DFF0F}.Debug|x64.ActiveCfg = Debug|x64
		{33862E0A-4702-4795-935C-949B886DFF0F}.Debug|x64.Build.0 = Debug|x64
		{33862E0A-4702-4795-935C-949B886DFF0F}.Debug|x86.ActiveCfg = Debug|Win32
		{33862E0A-4702-4795-935C-949B886DFF0F}.Debug|x86.Build.0 = Debug|Win32
		{33862E0A-4702-4795-935C-949B886DFF0F}.Release|x64.ActiveCfg = Release|x64
		{33862E0A-4702-4795-935C-949B886DFF0F}.Release|x64.Build.0 = Release|x64
		{33862E0A-4702-4795-935C-949B886DFF0F}.Release|x86.ActiveCfg = Release|Win32
		{33862E0A-4702-4795-935C-949B886DFF0F}.Release|x86.Build.0 = Release|Win32
	EndGlobalSection
	GlobalSection(SolutionProperties) = preSolution
		HideSolutionNode = FALSE
	EndGlobalSection
	GlobalSection(ExtensibilityGlobals) = postSolution
		SolutionGuid = {A1456318-BFB0-4159-8C6A-CE0575C34DFF}
	EndGlobalSection
EndGlobal
