
Microsoft Visual Studio Solution File, Format Version 12.00
# Visual Studio 15
VisualStudioVersion = 15.0.28307.1209
MinimumVisualStudioVersion = 10.0.40219.1
Project("{8BC9CEB8-8B4A-11D0-8D11-00A0C91BC942}") = "P508", "P508\P508.vcxproj", "{58854E71-FB0D-4B8F-872C-75AE15BAB1BD}"
EndProject
Global
	GlobalSection(SolutionConfigurationPlatforms) = preSolution
		Debug|x64 = Debug|x64
		Debug|x86 = Debug|x86
		Release|x64 = Release|x64
		Release|x86 = Release|x86
	EndGlobalSection
	GlobalSection(ProjectConfigurationPlatforms) = postSolution
		{58854E71-FB0D-4B8F-872C-75AE15BAB1BD}.Debug|x64.ActiveCfg = Debug|x64
		{58854E71-FB0D-4B8F-872C-75AE15BAB1BD}.Debug|x64.Build.0 = Debug|x64
		{58854E71-FB0D-4B8F-872C-75AE15BAB1BD}.Debug|x86.ActiveCfg = Debug|Win32
		{58854E71-FB0D-4B8F-872C-75AE15BAB1BD}.Debug|x86.Build.0 = Debug|Win32
		{58854E71-FB0D-4B8F-872C-75AE15BAB1BD}.Release|x64.ActiveCfg = Release|x64
		{58854E71-FB0D-4B8F-872C-75AE15BAB1BD}.Release|x64.Build.0 = Release|x64
		{58854E71-FB0D-4B8F-872C-75AE15BAB1BD}.Release|x86.ActiveCfg = Release|Win32
		{58854E71-FB0D-4B8F-872C-75AE15BAB1BD}.Release|x86.Build.0 = Release|Win32
	EndGlobalSection
	GlobalSection(SolutionProperties) = preSolution
		HideSolutionNode = FALSE
	EndGlobalSection
	GlobalSection(ExtensibilityGlobals) = postSolution
		SolutionGuid = {AEE5879F-6B89-447A-AFD1-AA9A5F01BE23}
	EndGlobalSection
EndGlobal
