
Microsoft Visual Studio Solution File, Format Version 12.00
# Visual Studio 15
VisualStudioVersion = 15.0.28307.1209
MinimumVisualStudioVersion = 10.0.40219.1
Project("{8BC9CEB8-8B4A-11D0-8D11-00A0C91BC942}") = "P665", "P665\P665.vcxproj", "{624B8D21-DCEE-4EE5-8D5D-67915716963E}"
EndProject
Global
	GlobalSection(SolutionConfigurationPlatforms) = preSolution
		Debug|x64 = Debug|x64
		Debug|x86 = Debug|x86
		Release|x64 = Release|x64
		Release|x86 = Release|x86
	EndGlobalSection
	GlobalSection(ProjectConfigurationPlatforms) = postSolution
		{624B8D21-DCEE-4EE5-8D5D-67915716963E}.Debug|x64.ActiveCfg = Debug|x64
		{624B8D21-DCEE-4EE5-8D5D-67915716963E}.Debug|x64.Build.0 = Debug|x64
		{624B8D21-DCEE-4EE5-8D5D-67915716963E}.Debug|x86.ActiveCfg = Debug|Win32
		{624B8D21-DCEE-4EE5-8D5D-67915716963E}.Debug|x86.Build.0 = Debug|Win32
		{624B8D21-DCEE-4EE5-8D5D-67915716963E}.Release|x64.ActiveCfg = Release|x64
		{624B8D21-DCEE-4EE5-8D5D-67915716963E}.Release|x64.Build.0 = Release|x64
		{624B8D21-DCEE-4EE5-8D5D-67915716963E}.Release|x86.ActiveCfg = Release|Win32
		{624B8D21-DCEE-4EE5-8D5D-67915716963E}.Release|x86.Build.0 = Release|Win32
	EndGlobalSection
	GlobalSection(SolutionProperties) = preSolution
		HideSolutionNode = FALSE
	EndGlobalSection
	GlobalSection(ExtensibilityGlobals) = postSolution
		SolutionGuid = {1D8BB918-FE7F-416F-A4B0-713BE2CFF9B0}
	EndGlobalSection
EndGlobal
