
Microsoft Visual Studio Solution File, Format Version 12.00
# Visual Studio 15
VisualStudioVersion = 15.0.28307.1209
MinimumVisualStudioVersion = 10.0.40219.1
Project("{8BC9CEB8-8B4A-11D0-8D11-00A0C91BC942}") = "P114", "P114\P114.vcxproj", "{EDA04E2B-88F9-480E-BA86-9A0BF09AF419}"
EndProject
Global
	GlobalSection(SolutionConfigurationPlatforms) = preSolution
		Debug|x64 = Debug|x64
		Debug|x86 = Debug|x86
		Release|x64 = Release|x64
		Release|x86 = Release|x86
	EndGlobalSection
	GlobalSection(ProjectConfigurationPlatforms) = postSolution
		{EDA04E2B-88F9-480E-BA86-9A0BF09AF419}.Debug|x64.ActiveCfg = Debug|x64
		{EDA04E2B-88F9-480E-BA86-9A0BF09AF419}.Debug|x64.Build.0 = Debug|x64
		{EDA04E2B-88F9-480E-BA86-9A0BF09AF419}.Debug|x86.ActiveCfg = Debug|Win32
		{EDA04E2B-88F9-480E-BA86-9A0BF09AF419}.Debug|x86.Build.0 = Debug|Win32
		{EDA04E2B-88F9-480E-BA86-9A0BF09AF419}.Release|x64.ActiveCfg = Release|x64
		{EDA04E2B-88F9-480E-BA86-9A0BF09AF419}.Release|x64.Build.0 = Release|x64
		{EDA04E2B-88F9-480E-BA86-9A0BF09AF419}.Release|x86.ActiveCfg = Release|Win32
		{EDA04E2B-88F9-480E-BA86-9A0BF09AF419}.Release|x86.Build.0 = Release|Win32
	EndGlobalSection
	GlobalSection(SolutionProperties) = preSolution
		HideSolutionNode = FALSE
	EndGlobalSection
	GlobalSection(ExtensibilityGlobals) = postSolution
		SolutionGuid = {9261AC19-1252-4633-A983-EF23CA6C8CA9}
	EndGlobalSection
EndGlobal
