
Microsoft Visual Studio Solution File, Format Version 12.00
# Visual Studio 15
VisualStudioVersion = 15.0.28307.1209
MinimumVisualStudioVersion = 10.0.40219.1
Project("{8BC9CEB8-8B4A-11D0-8D11-00A0C91BC942}") = "P68", "P68\P68.vcxproj", "{4BE75839-F672-4F14-AB69-F4A720A895BC}"
EndProject
Global
	GlobalSection(SolutionConfigurationPlatforms) = preSolution
		Debug|x64 = Debug|x64
		Debug|x86 = Debug|x86
		Release|x64 = Release|x64
		Release|x86 = Release|x86
	EndGlobalSection
	GlobalSection(ProjectConfigurationPlatforms) = postSolution
		{4BE75839-F672-4F14-AB69-F4A720A895BC}.Debug|x64.ActiveCfg = Debug|x64
		{4BE75839-F672-4F14-AB69-F4A720A895BC}.Debug|x64.Build.0 = Debug|x64
		{4BE75839-F672-4F14-AB69-F4A720A895BC}.Debug|x86.ActiveCfg = Debug|Win32
		{4BE75839-F672-4F14-AB69-F4A720A895BC}.Debug|x86.Build.0 = Debug|Win32
		{4BE75839-F672-4F14-AB69-F4A720A895BC}.Release|x64.ActiveCfg = Release|x64
		{4BE75839-F672-4F14-AB69-F4A720A895BC}.Release|x64.Build.0 = Release|x64
		{4BE75839-F672-4F14-AB69-F4A720A895BC}.Release|x86.ActiveCfg = Release|Win32
		{4BE75839-F672-4F14-AB69-F4A720A895BC}.Release|x86.Build.0 = Release|Win32
	EndGlobalSection
	GlobalSection(SolutionProperties) = preSolution
		HideSolutionNode = FALSE
	EndGlobalSection
	GlobalSection(ExtensibilityGlobals) = postSolution
		SolutionGuid = {7477E859-838D-4431-8133-C1D6F4AE1C1E}
	EndGlobalSection
EndGlobal
