
Microsoft Visual Studio Solution File, Format Version 12.00
# Visual Studio 15
VisualStudioVersion = 15.0.28307.1209
MinimumVisualStudioVersion = 10.0.40219.1
Project("{8BC9CEB8-8B4A-11D0-8D11-00A0C91BC942}") = "P62", "P62\P62.vcxproj", "{926CD05B-4A04-4D8C-8105-1735CB76124E}"
EndProject
Global
	GlobalSection(SolutionConfigurationPlatforms) = preSolution
		Debug|x64 = Debug|x64
		Debug|x86 = Debug|x86
		Release|x64 = Release|x64
		Release|x86 = Release|x86
	EndGlobalSection
	GlobalSection(ProjectConfigurationPlatforms) = postSolution
		{926CD05B-4A04-4D8C-8105-1735CB76124E}.Debug|x64.ActiveCfg = Debug|x64
		{926CD05B-4A04-4D8C-8105-1735CB76124E}.Debug|x64.Build.0 = Debug|x64
		{926CD05B-4A04-4D8C-8105-1735CB76124E}.Debug|x86.ActiveCfg = Debug|Win32
		{926CD05B-4A04-4D8C-8105-1735CB76124E}.Debug|x86.Build.0 = Debug|Win32
		{926CD05B-4A04-4D8C-8105-1735CB76124E}.Release|x64.ActiveCfg = Release|x64
		{926CD05B-4A04-4D8C-8105-1735CB76124E}.Release|x64.Build.0 = Release|x64
		{926CD05B-4A04-4D8C-8105-1735CB76124E}.Release|x86.ActiveCfg = Release|Win32
		{926CD05B-4A04-4D8C-8105-1735CB76124E}.Release|x86.Build.0 = Release|Win32
	EndGlobalSection
	GlobalSection(SolutionProperties) = preSolution
		HideSolutionNode = FALSE
	EndGlobalSection
	GlobalSection(ExtensibilityGlobals) = postSolution
		SolutionGuid = {973CFBFC-A86E-49EE-A39C-257062AF48DF}
	EndGlobalSection
EndGlobal
