
Microsoft Visual Studio Solution File, Format Version 12.00
# Visual Studio 15
VisualStudioVersion = 15.0.28307.1209
MinimumVisualStudioVersion = 10.0.40219.1
Project("{8BC9CEB8-8B4A-11D0-8D11-00A0C91BC942}") = "P371", "P371\P371.vcxproj", "{3B4FF681-FF6A-4201-8F33-BD0B62931D5B}"
EndProject
Global
	GlobalSection(SolutionConfigurationPlatforms) = preSolution
		Debug|x64 = Debug|x64
		Debug|x86 = Debug|x86
		Release|x64 = Release|x64
		Release|x86 = Release|x86
	EndGlobalSection
	GlobalSection(ProjectConfigurationPlatforms) = postSolution
		{3B4FF681-FF6A-4201-8F33-BD0B62931D5B}.Debug|x64.ActiveCfg = Debug|x64
		{3B4FF681-FF6A-4201-8F33-BD0B62931D5B}.Debug|x64.Build.0 = Debug|x64
		{3B4FF681-FF6A-4201-8F33-BD0B62931D5B}.Debug|x86.ActiveCfg = Debug|Win32
		{3B4FF681-FF6A-4201-8F33-BD0B62931D5B}.Debug|x86.Build.0 = Debug|Win32
		{3B4FF681-FF6A-4201-8F33-BD0B62931D5B}.Release|x64.ActiveCfg = Release|x64
		{3B4FF681-FF6A-4201-8F33-BD0B62931D5B}.Release|x64.Build.0 = Release|x64
		{3B4FF681-FF6A-4201-8F33-BD0B62931D5B}.Release|x86.ActiveCfg = Release|Win32
		{3B4FF681-FF6A-4201-8F33-BD0B62931D5B}.Release|x86.Build.0 = Release|Win32
	EndGlobalSection
	GlobalSection(SolutionProperties) = preSolution
		HideSolutionNode = FALSE
	EndGlobalSection
	GlobalSection(ExtensibilityGlobals) = postSolution
		SolutionGuid = {2E72057D-EE38-4388-8695-F5F1F499D2F5}
	EndGlobalSection
EndGlobal
