
Microsoft Visual Studio Solution File, Format Version 12.00
# Visual Studio 15
VisualStudioVersion = 15.0.28307.1209
MinimumVisualStudioVersion = 10.0.40219.1
Project("{8BC9CEB8-8B4A-11D0-8D11-00A0C91BC942}") = "P905", "P905\P905.vcxproj", "{A862F47B-3A05-4487-AF8B-0A4B31E7C33E}"
EndProject
Global
	GlobalSection(SolutionConfigurationPlatforms) = preSolution
		Debug|x64 = Debug|x64
		Debug|x86 = Debug|x86
		Release|x64 = Release|x64
		Release|x86 = Release|x86
	EndGlobalSection
	GlobalSection(ProjectConfigurationPlatforms) = postSolution
		{A862F47B-3A05-4487-AF8B-0A4B31E7C33E}.Debug|x64.ActiveCfg = Debug|x64
		{A862F47B-3A05-4487-AF8B-0A4B31E7C33E}.Debug|x64.Build.0 = Debug|x64
		{A862F47B-3A05-4487-AF8B-0A4B31E7C33E}.Debug|x86.ActiveCfg = Debug|Win32
		{A862F47B-3A05-4487-AF8B-0A4B31E7C33E}.Debug|x86.Build.0 = Debug|Win32
		{A862F47B-3A05-4487-AF8B-0A4B31E7C33E}.Release|x64.ActiveCfg = Release|x64
		{A862F47B-3A05-4487-AF8B-0A4B31E7C33E}.Release|x64.Build.0 = Release|x64
		{A862F47B-3A05-4487-AF8B-0A4B31E7C33E}.Release|x86.ActiveCfg = Release|Win32
		{A862F47B-3A05-4487-AF8B-0A4B31E7C33E}.Release|x86.Build.0 = Release|Win32
	EndGlobalSection
	GlobalSection(SolutionProperties) = preSolution
		HideSolutionNode = FALSE
	EndGlobalSection
	GlobalSection(ExtensibilityGlobals) = postSolution
		SolutionGuid = {27BA3BF6-3FFC-449B-80FB-76F3CD3FC4F2}
	EndGlobalSection
EndGlobal
