
Microsoft Visual Studio Solution File, Format Version 12.00
# Visual Studio 15
VisualStudioVersion = 15.0.28307.1209
MinimumVisualStudioVersion = 10.0.40219.1
Project("{8BC9CEB8-8B4A-11D0-8D11-00A0C91BC942}") = "P897", "P897\P897.vcxproj", "{085B8B7F-4BE0-49AB-A286-86B1FB4F71DB}"
EndProject
Global
	GlobalSection(SolutionConfigurationPlatforms) = preSolution
		Debug|x64 = Debug|x64
		Debug|x86 = Debug|x86
		Release|x64 = Release|x64
		Release|x86 = Release|x86
	EndGlobalSection
	GlobalSection(ProjectConfigurationPlatforms) = postSolution
		{085B8B7F-4BE0-49AB-A286-86B1FB4F71DB}.Debug|x64.ActiveCfg = Debug|x64
		{085B8B7F-4BE0-49AB-A286-86B1FB4F71DB}.Debug|x64.Build.0 = Debug|x64
		{085B8B7F-4BE0-49AB-A286-86B1FB4F71DB}.Debug|x86.ActiveCfg = Debug|Win32
		{085B8B7F-4BE0-49AB-A286-86B1FB4F71DB}.Debug|x86.Build.0 = Debug|Win32
		{085B8B7F-4BE0-49AB-A286-86B1FB4F71DB}.Release|x64.ActiveCfg = Release|x64
		{085B8B7F-4BE0-49AB-A286-86B1FB4F71DB}.Release|x64.Build.0 = Release|x64
		{085B8B7F-4BE0-49AB-A286-86B1FB4F71DB}.Release|x86.ActiveCfg = Release|Win32
		{085B8B7F-4BE0-49AB-A286-86B1FB4F71DB}.Release|x86.Build.0 = Release|Win32
	EndGlobalSection
	GlobalSection(SolutionProperties) = preSolution
		HideSolutionNode = FALSE
	EndGlobalSection
	GlobalSection(ExtensibilityGlobals) = postSolution
		SolutionGuid = {C56FF659-80B7-4FFC-8376-00D3963E449C}
	EndGlobalSection
EndGlobal
