
Microsoft Visual Studio Solution File, Format Version 12.00
# Visual Studio 15
VisualStudioVersion = 15.0.28307.1209
MinimumVisualStudioVersion = 10.0.40219.1
Project("{8BC9CEB8-8B4A-11D0-8D11-00A0C91BC942}") = "P1736", "P1736\P1736.vcxproj", "{199A162A-E975-485D-BAD8-2CD92999E921}"
EndProject
Global
	GlobalSection(SolutionConfigurationPlatforms) = preSolution
		Debug|x64 = Debug|x64
		Debug|x86 = Debug|x86
		Release|x64 = Release|x64
		Release|x86 = Release|x86
	EndGlobalSection
	GlobalSection(ProjectConfigurationPlatforms) = postSolution
		{199A162A-E975-485D-BAD8-2CD92999E921}.Debug|x64.ActiveCfg = Debug|x64
		{199A162A-E975-485D-BAD8-2CD92999E921}.Debug|x64.Build.0 = Debug|x64
		{199A162A-E975-485D-BAD8-2CD92999E921}.Debug|x86.ActiveCfg = Debug|Win32
		{199A162A-E975-485D-BAD8-2CD92999E921}.Debug|x86.Build.0 = Debug|Win32
		{199A162A-E975-485D-BAD8-2CD92999E921}.Release|x64.ActiveCfg = Release|x64
		{199A162A-E975-485D-BAD8-2CD92999E921}.Release|x64.Build.0 = Release|x64
		{199A162A-E975-485D-BAD8-2CD92999E921}.Release|x86.ActiveCfg = Release|Win32
		{199A162A-E975-485D-BAD8-2CD92999E921}.Release|x86.Build.0 = Release|Win32
	EndGlobalSection
	GlobalSection(SolutionProperties) = preSolution
		HideSolutionNode = FALSE
	EndGlobalSection
	GlobalSection(ExtensibilityGlobals) = postSolution
		SolutionGuid = {FA63D20E-AEA4-452F-899F-74B0E5601438}
	EndGlobalSection
EndGlobal
