
Microsoft Visual Studio Solution File, Format Version 12.00
# Visual Studio 15
VisualStudioVersion = 15.0.28307.1209
MinimumVisualStudioVersion = 10.0.40219.1
Project("{8BC9CEB8-8B4A-11D0-8D11-00A0C91BC942}") = "P1287", "P1287\P1287.vcxproj", "{3FA30BED-6712-4636-BB3A-872E90C35B41}"
EndProject
Global
	GlobalSection(SolutionConfigurationPlatforms) = preSolution
		Debug|x64 = Debug|x64
		Debug|x86 = Debug|x86
		Release|x64 = Release|x64
		Release|x86 = Release|x86
	EndGlobalSection
	GlobalSection(ProjectConfigurationPlatforms) = postSolution
		{3FA30BED-6712-4636-BB3A-872E90C35B41}.Debug|x64.ActiveCfg = Debug|x64
		{3FA30BED-6712-4636-BB3A-872E90C35B41}.Debug|x64.Build.0 = Debug|x64
		{3FA30BED-6712-4636-BB3A-872E90C35B41}.Debug|x86.ActiveCfg = Debug|Win32
		{3FA30BED-6712-4636-BB3A-872E90C35B41}.Debug|x86.Build.0 = Debug|Win32
		{3FA30BED-6712-4636-BB3A-872E90C35B41}.Release|x64.ActiveCfg = Release|x64
		{3FA30BED-6712-4636-BB3A-872E90C35B41}.Release|x64.Build.0 = Release|x64
		{3FA30BED-6712-4636-BB3A-872E90C35B41}.Release|x86.ActiveCfg = Release|Win32
		{3FA30BED-6712-4636-BB3A-872E90C35B41}.Release|x86.Build.0 = Release|Win32
	EndGlobalSection
	GlobalSection(SolutionProperties) = preSolution
		HideSolutionNode = FALSE
	EndGlobalSection
	GlobalSection(ExtensibilityGlobals) = postSolution
		SolutionGuid = {4498BF24-810A-42D2-90BF-4D3A7DFE2D40}
	EndGlobalSection
EndGlobal
