
Microsoft Visual Studio Solution File, Format Version 12.00
# Visual Studio 15
VisualStudioVersion = 15.0.28307.1209
MinimumVisualStudioVersion = 10.0.40219.1
Project("{8BC9CEB8-8B4A-11D0-8D11-00A0C91BC942}") = "P260", "P260\P260.vcxproj", "{43CEA365-AA38-4013-8AC4-EED58866D9E8}"
EndProject
Global
	GlobalSection(SolutionConfigurationPlatforms) = preSolution
		Debug|x64 = Debug|x64
		Debug|x86 = Debug|x86
		Release|x64 = Release|x64
		Release|x86 = Release|x86
	EndGlobalSection
	GlobalSection(ProjectConfigurationPlatforms) = postSolution
		{43CEA365-AA38-4013-8AC4-EED58866D9E8}.Debug|x64.ActiveCfg = Debug|x64
		{43CEA365-AA38-4013-8AC4-EED58866D9E8}.Debug|x64.Build.0 = Debug|x64
		{43CEA365-AA38-4013-8AC4-EED58866D9E8}.Debug|x86.ActiveCfg = Debug|Win32
		{43CEA365-AA38-4013-8AC4-EED58866D9E8}.Debug|x86.Build.0 = Debug|Win32
		{43CEA365-AA38-4013-8AC4-EED58866D9E8}.Release|x64.ActiveCfg = Release|x64
		{43CEA365-AA38-4013-8AC4-EED58866D9E8}.Release|x64.Build.0 = Release|x64
		{43CEA365-AA38-4013-8AC4-EED58866D9E8}.Release|x86.ActiveCfg = Release|Win32
		{43CEA365-AA38-4013-8AC4-EED58866D9E8}.Release|x86.Build.0 = Release|Win32
	EndGlobalSection
	GlobalSection(SolutionProperties) = preSolution
		HideSolutionNode = FALSE
	EndGlobalSection
	GlobalSection(ExtensibilityGlobals) = postSolution
		SolutionGuid = {9DD4A940-AC1C-44F8-B140-BB8D8B28ED46}
	EndGlobalSection
EndGlobal
