
Microsoft Visual Studio Solution File, Format Version 12.00
# Visual Studio 15
VisualStudioVersion = 15.0.28307.1209
MinimumVisualStudioVersion = 10.0.40219.1
Project("{8BC9CEB8-8B4A-11D0-8D11-00A0C91BC942}") = "P459", "P459\P459.vcxproj", "{A81A5290-0A13-475F-8113-A91449D37552}"
EndProject
Global
	GlobalSection(SolutionConfigurationPlatforms) = preSolution
		Debug|x64 = Debug|x64
		Debug|x86 = Debug|x86
		Release|x64 = Release|x64
		Release|x86 = Release|x86
	EndGlobalSection
	GlobalSection(ProjectConfigurationPlatforms) = postSolution
		{A81A5290-0A13-475F-8113-A91449D37552}.Debug|x64.ActiveCfg = Debug|x64
		{A81A5290-0A13-475F-8113-A91449D37552}.Debug|x64.Build.0 = Debug|x64
		{A81A5290-0A13-475F-8113-A91449D37552}.Debug|x86.ActiveCfg = Debug|Win32
		{A81A5290-0A13-475F-8113-A91449D37552}.Debug|x86.Build.0 = Debug|Win32
		{A81A5290-0A13-475F-8113-A91449D37552}.Release|x64.ActiveCfg = Release|x64
		{A81A5290-0A13-475F-8113-A91449D37552}.Release|x64.Build.0 = Release|x64
		{A81A5290-0A13-475F-8113-A91449D37552}.Release|x86.ActiveCfg = Release|Win32
		{A81A5290-0A13-475F-8113-A91449D37552}.Release|x86.Build.0 = Release|Win32
	EndGlobalSection
	GlobalSection(SolutionProperties) = preSolution
		HideSolutionNode = FALSE
	EndGlobalSection
	GlobalSection(ExtensibilityGlobals) = postSolution
		SolutionGuid = {276EEA75-0185-4AF5-9A79-A1CDF24C624E}
	EndGlobalSection
EndGlobal
