
Microsoft Visual Studio Solution File, Format Version 12.00
# Visual Studio 15
VisualStudioVersion = 15.0.28307.1209
MinimumVisualStudioVersion = 10.0.40219.1
Project("{8BC9CEB8-8B4A-11D0-8D11-00A0C91BC942}") = "P415", "P415\P415.vcxproj", "{FDCAD746-261E-44CC-9469-8D1E34D6831B}"
EndProject
Global
	GlobalSection(SolutionConfigurationPlatforms) = preSolution
		Debug|x64 = Debug|x64
		Debug|x86 = Debug|x86
		Release|x64 = Release|x64
		Release|x86 = Release|x86
	EndGlobalSection
	GlobalSection(ProjectConfigurationPlatforms) = postSolution
		{FDCAD746-261E-44CC-9469-8D1E34D6831B}.Debug|x64.ActiveCfg = Debug|x64
		{FDCAD746-261E-44CC-9469-8D1E34D6831B}.Debug|x64.Build.0 = Debug|x64
		{FDCAD746-261E-44CC-9469-8D1E34D6831B}.Debug|x86.ActiveCfg = Debug|Win32
		{FDCAD746-261E-44CC-9469-8D1E34D6831B}.Debug|x86.Build.0 = Debug|Win32
		{FDCAD746-261E-44CC-9469-8D1E34D6831B}.Release|x64.ActiveCfg = Release|x64
		{FDCAD746-261E-44CC-9469-8D1E34D6831B}.Release|x64.Build.0 = Release|x64
		{FDCAD746-261E-44CC-9469-8D1E34D6831B}.Release|x86.ActiveCfg = Release|Win32
		{FDCAD746-261E-44CC-9469-8D1E34D6831B}.Release|x86.Build.0 = Release|Win32
	EndGlobalSection
	GlobalSection(SolutionProperties) = preSolution
		HideSolutionNode = FALSE
	EndGlobalSection
	GlobalSection(ExtensibilityGlobals) = postSolution
		SolutionGuid = {408C0FF5-AE7F-4858-9D7F-979849DC4671}
	EndGlobalSection
EndGlobal
