
Microsoft Visual Studio Solution File, Format Version 12.00
# Visual Studio 15
VisualStudioVersion = 15.0.28307.1209
MinimumVisualStudioVersion = 10.0.40219.1
Project("{8BC9CEB8-8B4A-11D0-8D11-00A0C91BC942}") = "P1217", "P1217\P1217.vcxproj", "{654517D6-F5EF-4F7D-B7BF-6C692EBABB0B}"
EndProject
Global
	GlobalSection(SolutionConfigurationPlatforms) = preSolution
		Debug|x64 = Debug|x64
		Debug|x86 = Debug|x86
		Release|x64 = Release|x64
		Release|x86 = Release|x86
	EndGlobalSection
	GlobalSection(ProjectConfigurationPlatforms) = postSolution
		{654517D6-F5EF-4F7D-B7BF-6C692EBABB0B}.Debug|x64.ActiveCfg = Debug|x64
		{654517D6-F5EF-4F7D-B7BF-6C692EBABB0B}.Debug|x64.Build.0 = Debug|x64
		{654517D6-F5EF-4F7D-B7BF-6C692EBABB0B}.Debug|x86.ActiveCfg = Debug|Win32
		{654517D6-F5EF-4F7D-B7BF-6C692EBABB0B}.Debug|x86.Build.0 = Debug|Win32
		{654517D6-F5EF-4F7D-B7BF-6C692EBABB0B}.Release|x64.ActiveCfg = Release|x64
		{654517D6-F5EF-4F7D-B7BF-6C692EBABB0B}.Release|x64.Build.0 = Release|x64
		{654517D6-F5EF-4F7D-B7BF-6C692EBABB0B}.Release|x86.ActiveCfg = Release|Win32
		{654517D6-F5EF-4F7D-B7BF-6C692EBABB0B}.Release|x86.Build.0 = Release|Win32
	EndGlobalSection
	GlobalSection(SolutionProperties) = preSolution
		HideSolutionNode = FALSE
	EndGlobalSection
	GlobalSection(ExtensibilityGlobals) = postSolution
		SolutionGuid = {06AF6882-A21C-4CB5-850B-C8E52ACD9AE0}
	EndGlobalSection
EndGlobal
