
Microsoft Visual Studio Solution File, Format Version 12.00
# Visual Studio 15
VisualStudioVersion = 15.0.28307.1209
MinimumVisualStudioVersion = 10.0.40219.1
Project("{8BC9CEB8-8B4A-11D0-8D11-00A0C91BC942}") = "P239", "P239\P239.vcxproj", "{CD9AE75E-E23C-42F6-A629-2CCC99C73FDB}"
EndProject
Global
	GlobalSection(SolutionConfigurationPlatforms) = preSolution
		Debug|x64 = Debug|x64
		Debug|x86 = Debug|x86
		Release|x64 = Release|x64
		Release|x86 = Release|x86
	EndGlobalSection
	GlobalSection(ProjectConfigurationPlatforms) = postSolution
		{CD9AE75E-E23C-42F6-A629-2CCC99C73FDB}.Debug|x64.ActiveCfg = Debug|x64
		{CD9AE75E-E23C-42F6-A629-2CCC99C73FDB}.Debug|x64.Build.0 = Debug|x64
		{CD9AE75E-E23C-42F6-A629-2CCC99C73FDB}.Debug|x86.ActiveCfg = Debug|Win32
		{CD9AE75E-E23C-42F6-A629-2CCC99C73FDB}.Debug|x86.Build.0 = Debug|Win32
		{CD9AE75E-E23C-42F6-A629-2CCC99C73FDB}.Release|x64.ActiveCfg = Release|x64
		{CD9AE75E-E23C-42F6-A629-2CCC99C73FDB}.Release|x64.Build.0 = Release|x64
		{CD9AE75E-E23C-42F6-A629-2CCC99C73FDB}.Release|x86.ActiveCfg = Release|Win32
		{CD9AE75E-E23C-42F6-A629-2CCC99C73FDB}.Release|x86.Build.0 = Release|Win32
	EndGlobalSection
	GlobalSection(SolutionProperties) = preSolution
		HideSolutionNode = FALSE
	EndGlobalSection
	GlobalSection(ExtensibilityGlobals) = postSolution
		SolutionGuid = {848B34B3-6AC5-4B42-9EFE-BCAF875C6CD7}
	EndGlobalSection
EndGlobal
