
Microsoft Visual Studio Solution File, Format Version 12.00
# Visual Studio 15
VisualStudioVersion = 15.0.28307.1209
MinimumVisualStudioVersion = 10.0.40219.1
Project("{8BC9CEB8-8B4A-11D0-8D11-00A0C91BC942}") = "P599", "P599\P599.vcxproj", "{6F675D9A-4B75-47D3-B8F6-9628486D5658}"
EndProject
Global
	GlobalSection(SolutionConfigurationPlatforms) = preSolution
		Debug|x64 = Debug|x64
		Debug|x86 = Debug|x86
		Release|x64 = Release|x64
		Release|x86 = Release|x86
	EndGlobalSection
	GlobalSection(ProjectConfigurationPlatforms) = postSolution
		{6F675D9A-4B75-47D3-B8F6-9628486D5658}.Debug|x64.ActiveCfg = Debug|x64
		{6F675D9A-4B75-47D3-B8F6-9628486D5658}.Debug|x64.Build.0 = Debug|x64
		{6F675D9A-4B75-47D3-B8F6-9628486D5658}.Debug|x86.ActiveCfg = Debug|Win32
		{6F675D9A-4B75-47D3-B8F6-9628486D5658}.Debug|x86.Build.0 = Debug|Win32
		{6F675D9A-4B75-47D3-B8F6-9628486D5658}.Release|x64.ActiveCfg = Release|x64
		{6F675D9A-4B75-47D3-B8F6-9628486D5658}.Release|x64.Build.0 = Release|x64
		{6F675D9A-4B75-47D3-B8F6-9628486D5658}.Release|x86.ActiveCfg = Release|Win32
		{6F675D9A-4B75-47D3-B8F6-9628486D5658}.Release|x86.Build.0 = Release|Win32
	EndGlobalSection
	GlobalSection(SolutionProperties) = preSolution
		HideSolutionNode = FALSE
	EndGlobalSection
	GlobalSection(ExtensibilityGlobals) = postSolution
		SolutionGuid = {73D8DD7F-F640-4F16-B226-0BF5C9BE7457}
	EndGlobalSection
EndGlobal
