
Microsoft Visual Studio Solution File, Format Version 12.00
# Visual Studio 15
VisualStudioVersion = 15.0.28307.1209
MinimumVisualStudioVersion = 10.0.40219.1
Project("{8BC9CEB8-8B4A-11D0-8D11-00A0C91BC942}") = "P652", "P652\P652.vcxproj", "{ECCB2DB3-314C-4D0B-AB74-77B3E656438B}"
EndProject
Global
	GlobalSection(SolutionConfigurationPlatforms) = preSolution
		Debug|x64 = Debug|x64
		Debug|x86 = Debug|x86
		Release|x64 = Release|x64
		Release|x86 = Release|x86
	EndGlobalSection
	GlobalSection(ProjectConfigurationPlatforms) = postSolution
		{ECCB2DB3-314C-4D0B-AB74-77B3E656438B}.Debug|x64.ActiveCfg = Debug|x64
		{ECCB2DB3-314C-4D0B-AB74-77B3E656438B}.Debug|x64.Build.0 = Debug|x64
		{ECCB2DB3-314C-4D0B-AB74-77B3E656438B}.Debug|x86.ActiveCfg = Debug|Win32
		{ECCB2DB3-314C-4D0B-AB74-77B3E656438B}.Debug|x86.Build.0 = Debug|Win32
		{ECCB2DB3-314C-4D0B-AB74-77B3E656438B}.Release|x64.ActiveCfg = Release|x64
		{ECCB2DB3-314C-4D0B-AB74-77B3E656438B}.Release|x64.Build.0 = Release|x64
		{ECCB2DB3-314C-4D0B-AB74-77B3E656438B}.Release|x86.ActiveCfg = Release|Win32
		{ECCB2DB3-314C-4D0B-AB74-77B3E656438B}.Release|x86.Build.0 = Release|Win32
	EndGlobalSection
	GlobalSection(SolutionProperties) = preSolution
		HideSolutionNode = FALSE
	EndGlobalSection
	GlobalSection(ExtensibilityGlobals) = postSolution
		SolutionGuid = {90B5ED98-6E4D-4676-8090-BADAEC8AEDD8}
	EndGlobalSection
EndGlobal
