
Microsoft Visual Studio Solution File, Format Version 12.00
# Visual Studio 15
VisualStudioVersion = 15.0.28307.1209
MinimumVisualStudioVersion = 10.0.40219.1
Project("{8BC9CEB8-8B4A-11D0-8D11-00A0C91BC942}") = "P228", "P228\P228.vcxproj", "{24065A13-61EE-46F8-BD0D-B20E0EF1EDB2}"
EndProject
Global
	GlobalSection(SolutionConfigurationPlatforms) = preSolution
		Debug|x64 = Debug|x64
		Debug|x86 = Debug|x86
		Release|x64 = Release|x64
		Release|x86 = Release|x86
	EndGlobalSection
	GlobalSection(ProjectConfigurationPlatforms) = postSolution
		{24065A13-61EE-46F8-BD0D-B20E0EF1EDB2}.Debug|x64.ActiveCfg = Debug|x64
		{24065A13-61EE-46F8-BD0D-B20E0EF1EDB2}.Debug|x64.Build.0 = Debug|x64
		{24065A13-61EE-46F8-BD0D-B20E0EF1EDB2}.Debug|x86.ActiveCfg = Debug|Win32
		{24065A13-61EE-46F8-BD0D-B20E0EF1EDB2}.Debug|x86.Build.0 = Debug|Win32
		{24065A13-61EE-46F8-BD0D-B20E0EF1EDB2}.Release|x64.ActiveCfg = Release|x64
		{24065A13-61EE-46F8-BD0D-B20E0EF1EDB2}.Release|x64.Build.0 = Release|x64
		{24065A13-61EE-46F8-BD0D-B20E0EF1EDB2}.Release|x86.ActiveCfg = Release|Win32
		{24065A13-61EE-46F8-BD0D-B20E0EF1EDB2}.Release|x86.Build.0 = Release|Win32
	EndGlobalSection
	GlobalSection(SolutionProperties) = preSolution
		HideSolutionNode = FALSE
	EndGlobalSection
	GlobalSection(ExtensibilityGlobals) = postSolution
		SolutionGuid = {1BC910E4-CEFF-4534-A53B-BBD6FB707063}
	EndGlobalSection
EndGlobal
