
Microsoft Visual Studio Solution File, Format Version 12.00
# Visual Studio 15
VisualStudioVersion = 15.0.28307.1209
MinimumVisualStudioVersion = 10.0.40219.1
Project("{8BC9CEB8-8B4A-11D0-8D11-00A0C91BC942}") = "P279", "P279\P279.vcxproj", "{74D59072-9938-441C-A6F3-7EF0741C677E}"
EndProject
Global
	GlobalSection(SolutionConfigurationPlatforms) = preSolution
		Debug|x64 = Debug|x64
		Debug|x86 = Debug|x86
		Release|x64 = Release|x64
		Release|x86 = Release|x86
	EndGlobalSection
	GlobalSection(ProjectConfigurationPlatforms) = postSolution
		{74D59072-9938-441C-A6F3-7EF0741C677E}.Debug|x64.ActiveCfg = Debug|x64
		{74D59072-9938-441C-A6F3-7EF0741C677E}.Debug|x64.Build.0 = Debug|x64
		{74D59072-9938-441C-A6F3-7EF0741C677E}.Debug|x86.ActiveCfg = Debug|Win32
		{74D59072-9938-441C-A6F3-7EF0741C677E}.Debug|x86.Build.0 = Debug|Win32
		{74D59072-9938-441C-A6F3-7EF0741C677E}.Release|x64.ActiveCfg = Release|x64
		{74D59072-9938-441C-A6F3-7EF0741C677E}.Release|x64.Build.0 = Release|x64
		{74D59072-9938-441C-A6F3-7EF0741C677E}.Release|x86.ActiveCfg = Release|Win32
		{74D59072-9938-441C-A6F3-7EF0741C677E}.Release|x86.Build.0 = Release|Win32
	EndGlobalSection
	GlobalSection(SolutionProperties) = preSolution
		HideSolutionNode = FALSE
	EndGlobalSection
	GlobalSection(ExtensibilityGlobals) = postSolution
		SolutionGuid = {69B44D3D-1CD6-4FA2-AFA6-0C9FEA4DC622}
	EndGlobalSection
EndGlobal
