
Microsoft Visual Studio Solution File, Format Version 12.00
# Visual Studio 15
VisualStudioVersion = 15.0.28307.1209
MinimumVisualStudioVersion = 10.0.40219.1
Project("{8BC9CEB8-8B4A-11D0-8D11-00A0C91BC942}") = "P1743", "P1743\P1743.vcxproj", "{751CEDB9-0AA3-4490-A94E-A938A3B125AB}"
EndProject
Global
	GlobalSection(SolutionConfigurationPlatforms) = preSolution
		Debug|x64 = Debug|x64
		Debug|x86 = Debug|x86
		Release|x64 = Release|x64
		Release|x86 = Release|x86
	EndGlobalSection
	GlobalSection(ProjectConfigurationPlatforms) = postSolution
		{751CEDB9-0AA3-4490-A94E-A938A3B125AB}.Debug|x64.ActiveCfg = Debug|x64
		{751CEDB9-0AA3-4490-A94E-A938A3B125AB}.Debug|x64.Build.0 = Debug|x64
		{751CEDB9-0AA3-4490-A94E-A938A3B125AB}.Debug|x86.ActiveCfg = Debug|Win32
		{751CEDB9-0AA3-4490-A94E-A938A3B125AB}.Debug|x86.Build.0 = Debug|Win32
		{751CEDB9-0AA3-4490-A94E-A938A3B125AB}.Release|x64.ActiveCfg = Release|x64
		{751CEDB9-0AA3-4490-A94E-A938A3B125AB}.Release|x64.Build.0 = Release|x64
		{751CEDB9-0AA3-4490-A94E-A938A3B125AB}.Release|x86.ActiveCfg = Release|Win32
		{751CEDB9-0AA3-4490-A94E-A938A3B125AB}.Release|x86.Build.0 = Release|Win32
	EndGlobalSection
	GlobalSection(SolutionProperties) = preSolution
		HideSolutionNode = FALSE
	EndGlobalSection
	GlobalSection(ExtensibilityGlobals) = postSolution
		SolutionGuid = {23CD64F0-3C03-4E9E-90B8-67DBF7C0A064}
	EndGlobalSection
EndGlobal
