
Microsoft Visual Studio Solution File, Format Version 12.00
# Visual Studio 15
VisualStudioVersion = 15.0.28307.1209
MinimumVisualStudioVersion = 10.0.40219.1
Project("{8BC9CEB8-8B4A-11D0-8D11-00A0C91BC942}") = "P164", "P164\P164.vcxproj", "{D714E5D9-FE3F-4232-8DA0-49C85CB68ED9}"
EndProject
Global
	GlobalSection(SolutionConfigurationPlatforms) = preSolution
		Debug|x64 = Debug|x64
		Debug|x86 = Debug|x86
		Release|x64 = Release|x64
		Release|x86 = Release|x86
	EndGlobalSection
	GlobalSection(ProjectConfigurationPlatforms) = postSolution
		{D714E5D9-FE3F-4232-8DA0-49C85CB68ED9}.Debug|x64.ActiveCfg = Debug|x64
		{D714E5D9-FE3F-4232-8DA0-49C85CB68ED9}.Debug|x64.Build.0 = Debug|x64
		{D714E5D9-FE3F-4232-8DA0-49C85CB68ED9}.Debug|x86.ActiveCfg = Debug|Win32
		{D714E5D9-FE3F-4232-8DA0-49C85CB68ED9}.Debug|x86.Build.0 = Debug|Win32
		{D714E5D9-FE3F-4232-8DA0-49C85CB68ED9}.Release|x64.ActiveCfg = Release|x64
		{D714E5D9-FE3F-4232-8DA0-49C85CB68ED9}.Release|x64.Build.0 = Release|x64
		{D714E5D9-FE3F-4232-8DA0-49C85CB68ED9}.Release|x86.ActiveCfg = Release|Win32
		{D714E5D9-FE3F-4232-8DA0-49C85CB68ED9}.Release|x86.Build.0 = Release|Win32
	EndGlobalSection
	GlobalSection(SolutionProperties) = preSolution
		HideSolutionNode = FALSE
	EndGlobalSection
	GlobalSection(ExtensibilityGlobals) = postSolution
		SolutionGuid = {7A892205-131D-4725-8D25-6C81880DC2BF}
	EndGlobalSection
EndGlobal
