
Microsoft Visual Studio Solution File, Format Version 12.00
# Visual Studio 15
VisualStudioVersion = 15.0.28307.1209
MinimumVisualStudioVersion = 10.0.40219.1
Project("{8BC9CEB8-8B4A-11D0-8D11-00A0C91BC942}") = "P386", "P386\P386.vcxproj", "{C06E3C22-17E7-495A-9A1B-01866F970DEA}"
EndProject
Global
	GlobalSection(SolutionConfigurationPlatforms) = preSolution
		Debug|x64 = Debug|x64
		Debug|x86 = Debug|x86
		Release|x64 = Release|x64
		Release|x86 = Release|x86
	EndGlobalSection
	GlobalSection(ProjectConfigurationPlatforms) = postSolution
		{C06E3C22-17E7-495A-9A1B-01866F970DEA}.Debug|x64.ActiveCfg = Debug|x64
		{C06E3C22-17E7-495A-9A1B-01866F970DEA}.Debug|x64.Build.0 = Debug|x64
		{C06E3C22-17E7-495A-9A1B-01866F970DEA}.Debug|x86.ActiveCfg = Debug|Win32
		{C06E3C22-17E7-495A-9A1B-01866F970DEA}.Debug|x86.Build.0 = Debug|Win32
		{C06E3C22-17E7-495A-9A1B-01866F970DEA}.Release|x64.ActiveCfg = Release|x64
		{C06E3C22-17E7-495A-9A1B-01866F970DEA}.Release|x64.Build.0 = Release|x64
		{C06E3C22-17E7-495A-9A1B-01866F970DEA}.Release|x86.ActiveCfg = Release|Win32
		{C06E3C22-17E7-495A-9A1B-01866F970DEA}.Release|x86.Build.0 = Release|Win32
	EndGlobalSection
	GlobalSection(SolutionProperties) = preSolution
		HideSolutionNode = FALSE
	EndGlobalSection
	GlobalSection(ExtensibilityGlobals) = postSolution
		SolutionGuid = {982E00E9-AFFD-41CA-8A0B-838B382CA1D8}
	EndGlobalSection
EndGlobal
