
Microsoft Visual Studio Solution File, Format Version 12.00
# Visual Studio 15
VisualStudioVersion = 15.0.28307.1209
MinimumVisualStudioVersion = 10.0.40219.1
Project("{8BC9CEB8-8B4A-11D0-8D11-00A0C91BC942}") = "P403", "P403\P403.vcxproj", "{0155B2DC-5585-4156-97C4-7C2359C6DFCD}"
EndProject
Global
	GlobalSection(SolutionConfigurationPlatforms) = preSolution
		Debug|x64 = Debug|x64
		Debug|x86 = Debug|x86
		Release|x64 = Release|x64
		Release|x86 = Release|x86
	EndGlobalSection
	GlobalSection(ProjectConfigurationPlatforms) = postSolution
		{0155B2DC-5585-4156-97C4-7C2359C6DFCD}.Debug|x64.ActiveCfg = Debug|x64
		{0155B2DC-5585-4156-97C4-7C2359C6DFCD}.Debug|x64.Build.0 = Debug|x64
		{0155B2DC-5585-4156-97C4-7C2359C6DFCD}.Debug|x86.ActiveCfg = Debug|Win32
		{0155B2DC-5585-4156-97C4-7C2359C6DFCD}.Debug|x86.Build.0 = Debug|Win32
		{0155B2DC-5585-4156-97C4-7C2359C6DFCD}.Release|x64.ActiveCfg = Release|x64
		{0155B2DC-5585-4156-97C4-7C2359C6DFCD}.Release|x64.Build.0 = Release|x64
		{0155B2DC-5585-4156-97C4-7C2359C6DFCD}.Release|x86.ActiveCfg = Release|Win32
		{0155B2DC-5585-4156-97C4-7C2359C6DFCD}.Release|x86.Build.0 = Release|Win32
	EndGlobalSection
	GlobalSection(SolutionProperties) = preSolution
		HideSolutionNode = FALSE
	EndGlobalSection
	GlobalSection(ExtensibilityGlobals) = postSolution
		SolutionGuid = {4284BD86-AAD2-4609-8A35-6DA7B5C36BD3}
	EndGlobalSection
EndGlobal
