
Microsoft Visual Studio Solution File, Format Version 12.00
# Visual Studio 15
VisualStudioVersion = 15.0.28307.1209
MinimumVisualStudioVersion = 10.0.40219.1
Project("{8BC9CEB8-8B4A-11D0-8D11-00A0C91BC942}") = "P709", "P709\P709.vcxproj", "{D8CE763A-4D73-495B-9B8D-A8C0805DA623}"
EndProject
Global
	GlobalSection(SolutionConfigurationPlatforms) = preSolution
		Debug|x64 = Debug|x64
		Debug|x86 = Debug|x86
		Release|x64 = Release|x64
		Release|x86 = Release|x86
	EndGlobalSection
	GlobalSection(ProjectConfigurationPlatforms) = postSolution
		{D8CE763A-4D73-495B-9B8D-A8C0805DA623}.Debug|x64.ActiveCfg = Debug|x64
		{D8CE763A-4D73-495B-9B8D-A8C0805DA623}.Debug|x64.Build.0 = Debug|x64
		{D8CE763A-4D73-495B-9B8D-A8C0805DA623}.Debug|x86.ActiveCfg = Debug|Win32
		{D8CE763A-4D73-495B-9B8D-A8C0805DA623}.Debug|x86.Build.0 = Debug|Win32
		{D8CE763A-4D73-495B-9B8D-A8C0805DA623}.Release|x64.ActiveCfg = Release|x64
		{D8CE763A-4D73-495B-9B8D-A8C0805DA623}.Release|x64.Build.0 = Release|x64
		{D8CE763A-4D73-495B-9B8D-A8C0805DA623}.Release|x86.ActiveCfg = Release|Win32
		{D8CE763A-4D73-495B-9B8D-A8C0805DA623}.Release|x86.Build.0 = Release|Win32
	EndGlobalSection
	GlobalSection(SolutionProperties) = preSolution
		HideSolutionNode = FALSE
	EndGlobalSection
	GlobalSection(ExtensibilityGlobals) = postSolution
		SolutionGuid = {F6B72B80-AA9C-4C99-B117-B514431D2992}
	EndGlobalSection
EndGlobal
