
Microsoft Visual Studio Solution File, Format Version 12.00
# Visual Studio 15
VisualStudioVersion = 15.0.28307.1209
MinimumVisualStudioVersion = 10.0.40219.1
Project("{8BC9CEB8-8B4A-11D0-8D11-00A0C91BC942}") = "P1051", "P1051\P1051.vcxproj", "{68EE2534-4CEC-435E-A679-F55F863E839F}"
EndProject
Global
	GlobalSection(SolutionConfigurationPlatforms) = preSolution
		Debug|x64 = Debug|x64
		Debug|x86 = Debug|x86
		Release|x64 = Release|x64
		Release|x86 = Release|x86
	EndGlobalSection
	GlobalSection(ProjectConfigurationPlatforms) = postSolution
		{68EE2534-4CEC-435E-A679-F55F863E839F}.Debug|x64.ActiveCfg = Debug|x64
		{68EE2534-4CEC-435E-A679-F55F863E839F}.Debug|x64.Build.0 = Debug|x64
		{68EE2534-4CEC-435E-A679-F55F863E839F}.Debug|x86.ActiveCfg = Debug|Win32
		{68EE2534-4CEC-435E-A679-F55F863E839F}.Debug|x86.Build.0 = Debug|Win32
		{68EE2534-4CEC-435E-A679-F55F863E839F}.Release|x64.ActiveCfg = Release|x64
		{68EE2534-4CEC-435E-A679-F55F863E839F}.Release|x64.Build.0 = Release|x64
		{68EE2534-4CEC-435E-A679-F55F863E839F}.Release|x86.ActiveCfg = Release|Win32
		{68EE2534-4CEC-435E-A679-F55F863E839F}.Release|x86.Build.0 = Release|Win32
	EndGlobalSection
	GlobalSection(SolutionProperties) = preSolution
		HideSolutionNode = FALSE
	EndGlobalSection
	GlobalSection(ExtensibilityGlobals) = postSolution
		SolutionGuid = {A8B1C3BD-A029-48C9-98AB-6F21A1632033}
	EndGlobalSection
EndGlobal
