
Microsoft Visual Studio Solution File, Format Version 12.00
# Visual Studio 15
VisualStudioVersion = 15.0.28307.1209
MinimumVisualStudioVersion = 10.0.40219.1
Project("{8BC9CEB8-8B4A-11D0-8D11-00A0C91BC942}") = "P112", "P112\P112.vcxproj", "{AFE2D5B1-5D48-4F1D-942F-51DA653F43BD}"
EndProject
Global
	GlobalSection(SolutionConfigurationPlatforms) = preSolution
		Debug|x64 = Debug|x64
		Debug|x86 = Debug|x86
		Release|x64 = Release|x64
		Release|x86 = Release|x86
	EndGlobalSection
	GlobalSection(ProjectConfigurationPlatforms) = postSolution
		{AFE2D5B1-5D48-4F1D-942F-51DA653F43BD}.Debug|x64.ActiveCfg = Debug|x64
		{AFE2D5B1-5D48-4F1D-942F-51DA653F43BD}.Debug|x64.Build.0 = Debug|x64
		{AFE2D5B1-5D48-4F1D-942F-51DA653F43BD}.Debug|x86.ActiveCfg = Debug|Win32
		{AFE2D5B1-5D48-4F1D-942F-51DA653F43BD}.Debug|x86.Build.0 = Debug|Win32
		{AFE2D5B1-5D48-4F1D-942F-51DA653F43BD}.Release|x64.ActiveCfg = Release|x64
		{AFE2D5B1-5D48-4F1D-942F-51DA653F43BD}.Release|x64.Build.0 = Release|x64
		{AFE2D5B1-5D48-4F1D-942F-51DA653F43BD}.Release|x86.ActiveCfg = Release|Win32
		{AFE2D5B1-5D48-4F1D-942F-51DA653F43BD}.Release|x86.Build.0 = Release|Win32
	EndGlobalSection
	GlobalSection(SolutionProperties) = preSolution
		HideSolutionNode = FALSE
	EndGlobalSection
	GlobalSection(ExtensibilityGlobals) = postSolution
		SolutionGuid = {F73FA356-235F-4835-A0A0-7859CF70A769}
	EndGlobalSection
EndGlobal
