
Microsoft Visual Studio Solution File, Format Version 12.00
# Visual Studio 15
VisualStudioVersion = 15.0.28307.1209
MinimumVisualStudioVersion = 10.0.40219.1
Project("{8BC9CEB8-8B4A-11D0-8D11-00A0C91BC942}") = "P424", "P424\P424.vcxproj", "{1A84106F-1787-4BE2-94DF-1D866DE89AA6}"
EndProject
Global
	GlobalSection(SolutionConfigurationPlatforms) = preSolution
		Debug|x64 = Debug|x64
		Debug|x86 = Debug|x86
		Release|x64 = Release|x64
		Release|x86 = Release|x86
	EndGlobalSection
	GlobalSection(ProjectConfigurationPlatforms) = postSolution
		{1A84106F-1787-4BE2-94DF-1D866DE89AA6}.Debug|x64.ActiveCfg = Debug|x64
		{1A84106F-1787-4BE2-94DF-1D866DE89AA6}.Debug|x64.Build.0 = Debug|x64
		{1A84106F-1787-4BE2-94DF-1D866DE89AA6}.Debug|x86.ActiveCfg = Debug|Win32
		{1A84106F-1787-4BE2-94DF-1D866DE89AA6}.Debug|x86.Build.0 = Debug|Win32
		{1A84106F-1787-4BE2-94DF-1D866DE89AA6}.Release|x64.ActiveCfg = Release|x64
		{1A84106F-1787-4BE2-94DF-1D866DE89AA6}.Release|x64.Build.0 = Release|x64
		{1A84106F-1787-4BE2-94DF-1D866DE89AA6}.Release|x86.ActiveCfg = Release|Win32
		{1A84106F-1787-4BE2-94DF-1D866DE89AA6}.Release|x86.Build.0 = Release|Win32
	EndGlobalSection
	GlobalSection(SolutionProperties) = preSolution
		HideSolutionNode = FALSE
	EndGlobalSection
	GlobalSection(ExtensibilityGlobals) = postSolution
		SolutionGuid = {74C1C73A-E0C2-48A6-88C8-57BB2EDA73A7}
	EndGlobalSection
EndGlobal
